
Microsoft Visual Studio Solution File, Format Version 12.00
# Visual Studio 15
VisualStudioVersion = 15.0.26720.2
MinimumVisualStudioVersion = 10.0.40219.1
Project("{FAE04EC0-301F-11D3-BF4B-00C04F79EFBC}") = "MoqSamples", "MoqSamples\MoqSamples.csproj", "{A4950562-2697-4DB0-BC5C-07CA000BBA1F}"
EndProject
Global
	GlobalSection(SolutionConfigurationPlatforms) = preSolution
		Debug|Any CPU = Debug|Any CPU
		Release|Any CPU = Release|Any CPU
	EndGlobalSection
	GlobalSection(ProjectConfigurationPlatforms) = postSolution
		{A4950562-2697-4DB0-BC5C-07CA000BBA1F}.Debug|Any CPU.ActiveCfg = Debug|Any CPU
		{A4950562-2697-4DB0-BC5C-07CA000BBA1F}.Debug|Any CPU.Build.0 = Debug|Any CPU
		{A4950562-2697-4DB0-BC5C-07CA000BBA1F}.Release|Any CPU.ActiveCfg = Release|Any CPU
		{A4950562-2697-4DB0-BC5C-07CA000BBA1F}.Release|Any CPU.Build.0 = Release|Any CPU
	EndGlobalSection
	GlobalSection(SolutionProperties) = preSolution
		HideSolutionNode = FALSE
	EndGlobalSection
	GlobalSection(ExtensibilityGlobals) = postSolution
		SolutionGuid = {1DB3D1E5-6831-418A-9335-7D28D3D256AB}
	EndGlobalSection
EndGlobal
